
Microsoft Visual Studio Solution File, Format Version 12.00
# Visual Studio Version 16
VisualStudioVersion = 16.0.32126.315
MinimumVisualStudioVersion = 10.0.40219.1
Project("{FAE04EC0-301F-11D3-BF4B-00C04F79EFBC}") = "Sql_Calismalari", "Sql_Calismalari.csproj", "{92716DB7-A2EF-44D2-9324-0E130A1981DB}"
EndProject
Global
	GlobalSection(SolutionConfigurationPlatforms) = preSolution
		Debug|Any CPU = Debug|Any CPU
		Release|Any CPU = Release|Any CPU
	EndGlobalSection
	GlobalSection(ProjectConfigurationPlatforms) = postSolution
		{92716DB7-A2EF-44D2-9324-0E130A1981DB}.Debug|Any CPU.ActiveCfg = Debug|Any CPU
		{92716DB7-A2EF-44D2-9324-0E130A1981DB}.Debug|Any CPU.Build.0 = Debug|Any CPU
		{92716DB7-A2EF-44D2-9324-0E130A1981DB}.Release|Any CPU.ActiveCfg = Release|Any CPU
		{92716DB7-A2EF-44D2-9324-0E130A1981DB}.Release|Any CPU.Build.0 = Release|Any CPU
	EndGlobalSection
	GlobalSection(SolutionProperties) = preSolution
		HideSolutionNode = FALSE
	EndGlobalSection
	GlobalSection(ExtensibilityGlobals) = postSolution
		SolutionGuid = {BA9F7784-E8BA-4C15-BEBB-019FA7A9E83E}
	EndGlobalSection
EndGlobal
